
Microsoft Visual Studio Solution File, Format Version 12.00
# Visual Studio 2012
Project("{8BC9CEB8-8B4A-11D0-8D11-00A0C91BC942}") = "saritura cal", "saritura cal\saritura cal.vcxproj", "{916BC011-B725-4FDC-8CD1-3E8905516860}"
EndProject
Global
	GlobalSection(SolutionConfigurationPlatforms) = preSolution
		Debug|Win32 = Debug|Win32
		Release|Win32 = Release|Win32
	EndGlobalSection
	GlobalSection(ProjectConfigurationPlatforms) = postSolution
		{916BC011-B725-4FDC-8CD1-3E8905516860}.Debug|Win32.ActiveCfg = Debug|Win32
		{916BC011-B725-4FDC-8CD1-3E8905516860}.Debug|Win32.Build.0 = Debug|Win32
		{916BC011-B725-4FDC-8CD1-3E8905516860}.Release|Win32.ActiveCfg = Release|Win32
		{916BC011-B725-4FDC-8CD1-3E8905516860}.Release|Win32.Build.0 = Release|Win32
	EndGlobalSection
	GlobalSection(SolutionProperties) = preSolution
		HideSolutionNode = FALSE
	EndGlobalSection
EndGlobal
